
Microsoft Visual Studio Solution File, Format Version 12.00
# Visual Studio Version 17
VisualStudioVersion = 17.8.34309.116
MinimumVisualStudioVersion = 10.0.40219.1
Project("{FAE04EC0-301F-11D3-BF4B-00C04F79EFBC}") = "CPMS", "CPMS\CPMS.csproj", "{2C5CB49A-E20C-4974-8E64-8016C79CE141}"
EndProject
Project("{2150E333-8FDC-42A3-9474-1A3956D46DE8}") = "Core", "Core", "{2E2D643A-1C65-46B9-A5F0-A74D44A699CE}"
EndProject
Project("{2150E333-8FDC-42A3-9474-1A3956D46DE8}") = "Infrastructure", "Infrastructure", "{71220A76-D265-450D-909A-DBC628161EBD}"
EndProject
Project("{FAE04EC0-301F-11D3-BF4B-00C04F79EFBC}") = "Shared", "Shared\Shared.csproj", "{EAE7344A-2B8A-41BD-8D69-3687992EC584}"
EndProject
Project("{FAE04EC0-301F-11D3-BF4B-00C04F79EFBC}") = "Domain", "Core\Domain\Domain.csproj", "{84DC5941-68F9-4402-83EB-5629EC92FAEC}"
EndProject
Project("{FAE04EC0-301F-11D3-BF4B-00C04F79EFBC}") = "Service", "Core\Service\Service.csproj", "{1DDF2FC5-14FB-45B0-8FC5-0191E7221676}"
EndProject
Project("{FAE04EC0-301F-11D3-BF4B-00C04F79EFBC}") = "ServiceAbstraction", "Core\ServiceAbstraction\ServiceAbstraction.csproj", "{2601E893-2EA8-4FFC-B775-2E5128694D2F}"
EndProject
Project("{FAE04EC0-301F-11D3-BF4B-00C04F79EFBC}") = "Presistence", "Infrastructure\Presistence\Presistence.csproj", "{EB28241D-130F-4C2A-A6AC-5AAC2A31092D}"
EndProject
Project("{FAE04EC0-301F-11D3-BF4B-00C04F79EFBC}") = "Presentation", "Infrastructure\Presentation\Presentation.csproj", "{3A90B8FA-E3A4-4D3D-96D1-D2FBDD15AC1B}"
EndProject
Global
	GlobalSection(SolutionConfigurationPlatforms) = preSolution
		Debug|Any CPU = Debug|Any CPU
		Release|Any CPU = Release|Any CPU
	EndGlobalSection
	GlobalSection(ProjectConfigurationPlatforms) = postSolution
		{2C5CB49A-E20C-4974-8E64-8016C79CE141}.Debug|Any CPU.ActiveCfg = Debug|Any CPU
		{2C5CB49A-E20C-4974-8E64-8016C79CE141}.Debug|Any CPU.Build.0 = Debug|Any CPU
		{2C5CB49A-E20C-4974-8E64-8016C79CE141}.Release|Any CPU.ActiveCfg = Release|Any CPU
		{2C5CB49A-E20C-4974-8E64-8016C79CE141}.Release|Any CPU.Build.0 = Release|Any CPU
		{EAE7344A-2B8A-41BD-8D69-3687992EC584}.Debug|Any CPU.ActiveCfg = Debug|Any CPU
		{EAE7344A-2B8A-41BD-8D69-3687992EC584}.Debug|Any CPU.Build.0 = Debug|Any CPU
		{EAE7344A-2B8A-41BD-8D69-3687992EC584}.Release|Any CPU.ActiveCfg = Release|Any CPU
		{EAE7344A-2B8A-41BD-8D69-3687992EC584}.Release|Any CPU.Build.0 = Release|Any CPU
		{84DC5941-68F9-4402-83EB-5629EC92FAEC}.Debug|Any CPU.ActiveCfg = Debug|Any CPU
		{84DC5941-68F9-4402-83EB-5629EC92FAEC}.Debug|Any CPU.Build.0 = Debug|Any CPU
		{84DC5941-68F9-4402-83EB-5629EC92FAEC}.Release|Any CPU.ActiveCfg = Release|Any CPU
		{84DC5941-68F9-4402-83EB-5629EC92FAEC}.Release|Any CPU.Build.0 = Release|Any CPU
		{1DDF2FC5-14FB-45B0-8FC5-0191E7221676}.Debug|Any CPU.ActiveCfg = Debug|Any CPU
		{1DDF2FC5-14FB-45B0-8FC5-0191E7221676}.Debug|Any CPU.Build.0 = Debug|Any CPU
		{1DDF2FC5-14FB-45B0-8FC5-0191E7221676}.Release|Any CPU.ActiveCfg = Release|Any CPU
		{1DDF2FC5-14FB-45B0-8FC5-0191E7221676}.Release|Any CPU.Build.0 = Release|Any CPU
		{2601E893-2EA8-4FFC-B775-2E5128694D2F}.Debug|Any CPU.ActiveCfg = Debug|Any CPU
		{2601E893-2EA8-4FFC-B775-2E5128694D2F}.Debug|Any CPU.Build.0 = Debug|Any CPU
		{2601E893-2EA8-4FFC-B775-2E5128694D2F}.Release|Any CPU.ActiveCfg = Release|Any CPU
		{2601E893-2EA8-4FFC-B775-2E5128694D2F}.Release|Any CPU.Build.0 = Release|Any CPU
		{EB28241D-130F-4C2A-A6AC-5AAC2A31092D}.Debug|Any CPU.ActiveCfg = Debug|Any CPU
		{EB28241D-130F-4C2A-A6AC-5AAC2A31092D}.Debug|Any CPU.Build.0 = Debug|Any CPU
		{EB28241D-130F-4C2A-A6AC-5AAC2A31092D}.Release|Any CPU.ActiveCfg = Release|Any CPU
		{EB28241D-130F-4C2A-A6AC-5AAC2A31092D}.Release|Any CPU.Build.0 = Release|Any CPU
		{3A90B8FA-E3A4-4D3D-96D1-D2FBDD15AC1B}.Debug|Any CPU.ActiveCfg = Debug|Any CPU
		{3A90B8FA-E3A4-4D3D-96D1-D2FBDD15AC1B}.Debug|Any CPU.Build.0 = Debug|Any CPU
		{3A90B8FA-E3A4-4D3D-96D1-D2FBDD15AC1B}.Release|Any CPU.ActiveCfg = Release|Any CPU
		{3A90B8FA-E3A4-4D3D-96D1-D2FBDD15AC1B}.Release|Any CPU.Build.0 = Release|Any CPU
	EndGlobalSection
	GlobalSection(SolutionProperties) = preSolution
		HideSolutionNode = FALSE
	EndGlobalSection
	GlobalSection(NestedProjects) = preSolution
		{84DC5941-68F9-4402-83EB-5629EC92FAEC} = {2E2D643A-1C65-46B9-A5F0-A74D44A699CE}
		{1DDF2FC5-14FB-45B0-8FC5-0191E7221676} = {2E2D643A-1C65-46B9-A5F0-A74D44A699CE}
		{2601E893-2EA8-4FFC-B775-2E5128694D2F} = {2E2D643A-1C65-46B9-A5F0-A74D44A699CE}
		{EB28241D-130F-4C2A-A6AC-5AAC2A31092D} = {71220A76-D265-450D-909A-DBC628161EBD}
		{3A90B8FA-E3A4-4D3D-96D1-D2FBDD15AC1B} = {71220A76-D265-450D-909A-DBC628161EBD}
	EndGlobalSection
	GlobalSection(ExtensibilityGlobals) = postSolution
		SolutionGuid = {5E709906-1DFE-4466-8C41-F9C62AA70FAB}
	EndGlobalSection
EndGlobal
